
Microsoft Visual Studio Solution File, Format Version 12.00
# Visual Studio Version 17
VisualStudioVersion = 17.1.32328.378
MinimumVisualStudioVersion = 10.0.40219.1
Project("{FAE04EC0-301F-11D3-BF4B-00C04F79EFBC}") = "mantis-tests", "mantis-tests.csproj", "{7B5932AA-EB94-40C3-938D-30774107EA25}"
EndProject
Global
	GlobalSection(SolutionConfigurationPlatforms) = preSolution
		Debug|Any CPU = Debug|Any CPU
		Release|Any CPU = Release|Any CPU
	EndGlobalSection
	GlobalSection(ProjectConfigurationPlatforms) = postSolution
		{7B5932AA-EB94-40C3-938D-30774107EA25}.Debug|Any CPU.ActiveCfg = Debug|Any CPU
		{7B5932AA-EB94-40C3-938D-30774107EA25}.Debug|Any CPU.Build.0 = Debug|Any CPU
		{7B5932AA-EB94-40C3-938D-30774107EA25}.Release|Any CPU.ActiveCfg = Release|Any CPU
		{7B5932AA-EB94-40C3-938D-30774107EA25}.Release|Any CPU.Build.0 = Release|Any CPU
	EndGlobalSection
	GlobalSection(SolutionProperties) = preSolution
		HideSolutionNode = FALSE
	EndGlobalSection
	GlobalSection(ExtensibilityGlobals) = postSolution
		SolutionGuid = {78B9028C-8CE3-4E6A-BA1E-44EBC0CE9BE0}
	EndGlobalSection
EndGlobal
