
Microsoft Visual Studio Solution File, Format Version 12.00
# Visual Studio Version 17
VisualStudioVersion = 17.1.32328.378
MinimumVisualStudioVersion = 10.0.40219.1
Project("{FAE04EC0-301F-11D3-BF4B-00C04F79EFBC}") = "addressbook-web-tests", "addressbook-web-tests.csproj", "{C2BBB817-C2B8-4AEF-83E3-E90A878B6F4B}"
EndProject
Global
	GlobalSection(SolutionConfigurationPlatforms) = preSolution
		Debug|Any CPU = Debug|Any CPU
		Release|Any CPU = Release|Any CPU
	EndGlobalSection
	GlobalSection(ProjectConfigurationPlatforms) = postSolution
		{C2BBB817-C2B8-4AEF-83E3-E90A878B6F4B}.Debug|Any CPU.ActiveCfg = Debug|Any CPU
		{C2BBB817-C2B8-4AEF-83E3-E90A878B6F4B}.Debug|Any CPU.Build.0 = Debug|Any CPU
		{C2BBB817-C2B8-4AEF-83E3-E90A878B6F4B}.Release|Any CPU.ActiveCfg = Release|Any CPU
		{C2BBB817-C2B8-4AEF-83E3-E90A878B6F4B}.Release|Any CPU.Build.0 = Release|Any CPU
	EndGlobalSection
	GlobalSection(SolutionProperties) = preSolution
		HideSolutionNode = FALSE
	EndGlobalSection
	GlobalSection(ExtensibilityGlobals) = postSolution
		SolutionGuid = {724B9668-18B9-4041-AF01-0E8C930B5531}
	EndGlobalSection
EndGlobal
